PODS:
  - ReachabilitySwift (4.3.1)
  - Shrimp (0.3.0):
    - ReachabilitySwift

DEPENDENCIES:
  - Shrimp (from `../`)

SPEC REPOS:
  https://github.com/cocoapods/specs.git:
    - ReachabilitySwift

EXTERNAL SOURCES:
  Shrimp:
    :path: "../"

SPEC CHECKSUMS:
  ReachabilitySwift: 4032e2f59586e11e3b0ebe15b167abdd587a388b
  Shrimp: e7040103032214e00f9496167e444ea1ceb6c8dd

PODFILE CHECKSUM: 8fbf6ab186cf041cd862e2260158b48d8ea6c290

COCOAPODS: 1.7.2
