PODS:
  - CryptoSwift (0.6.7)
  - ShrimpHttp (0.2.0):
    - CryptoSwift (~> 0.6.7)

DEPENDENCIES:
  - ShrimpHttp (from `../`)

EXTERNAL SOURCES:
  ShrimpHttp:
    :path: "../"

SPEC CHECKSUMS:
  CryptoSwift: 685ae257941e5447474348a2b545583e1a16b573
  ShrimpHttp: b3e5cbbcc0049e8275bd0042b4a1217b8caca712

PODFILE CHECKSUM: 7f98990ad2f0e89085ae7a541da20b5a750ad68a

COCOAPODS: 1.2.0
