PODS:
  - ReachabilitySwift (4.2.1)
  - Shrimp (0.2.3):
    - ReachabilitySwift

DEPENDENCIES:
  - Shrimp (from `../`)

SPEC REPOS:
  https://github.com/cocoapods/specs.git:
    - ReachabilitySwift

EXTERNAL SOURCES:
  Shrimp:
    :path: "../"

SPEC CHECKSUMS:
  ReachabilitySwift: 35720ffea59c1c76d15f885be77fd33e33985427
  Shrimp: 57be2fefba1d0e9d099b270fea46765913c89ab4

PODFILE CHECKSUM: 8fbf6ab186cf041cd862e2260158b48d8ea6c290

COCOAPODS: 1.5.3
