// !$*UTF8*$!
{
	archiveVersion = 1;
	classes = {
	};
	objectVersion = 46;
	objects = {

/* Begin PBXBuildFile section */
		CF4F1E171E52F09B00BF264F /* LaunchScreen.storyboard in Resources */ = {isa = PBXBuildFile; fileRef = CF4F1E0F1E52F09B00BF264F /* LaunchScreen.storyboard */; };
		CF4F1E181E52F09B00BF264F /* Main.storyboard in Resources */ = {isa = PBXBuildFile; fileRef = CF4F1E111E52F09B00BF264F /* Main.storyboard */; };
		CF4F1E191E52F09B00BF264F /* AppDelegate.swift in Sources */ = {isa = PBXBuildFile; fileRef = CF4F1E131E52F09B00BF264F /* AppDelegate.swift */; };
		CF4F1E1B1E52F09B00BF264F /* ViewController.swift in Sources */ = {isa = PBXBuildFile; fileRef = CF4F1E151E52F09B00BF264F /* ViewController.swift */; };
		CF4F1E1C1E52F09B00BF264F /* Assets.xcassets in Resources */ = {isa = PBXBuildFile; fileRef = CF4F1E161E52F09B00BF264F /* Assets.xcassets */; };
		D15501ADEC0C310EF5CFE5BF /* Pods_ShrimpExample.framework in Frameworks */ = {isa = PBXBuildFile; fileRef = BE827AF050646F5CF70AC98C /* Pods_ShrimpExample.framework */; };
/* End PBXBuildFile section */

/* Begin PBXFileReference section */
		640344E1D9E7E66577AB7B55 /* Pods-ShrimpExample.debug.xcconfig */ = {isa = PBXFileReference; includeInIndex = 1; lastKnownFileType = text.xcconfig; name = "Pods-ShrimpExample.debug.xcconfig"; path = "Pods/Target Support Files/Pods-ShrimpExample/Pods-ShrimpExample.debug.xcconfig"; sourceTree = "<group>"; };
		AB481C0DCAA7AA00C9FFA23C /* Pods-ShrimpExample.release.xcconfig */ = {isa = PBXFileReference; includeInIndex = 1; lastKnownFileType = text.xcconfig; name = "Pods-ShrimpExample.release.xcconfig"; path = "Pods/Target Support Files/Pods-ShrimpExample/Pods-ShrimpExample.release.xcconfig"; sourceTree = "<group>"; };
		BE827AF050646F5CF70AC98C /* Pods_ShrimpExample.framework */ = {isa = PBXFileReference; explicitFileType = wrapper.framework; includeInIndex = 0; path = Pods_ShrimpExample.framework; sourceTree = BUILT_PRODUCTS_DIR; };
		CF15EA551E519FDF001F9DD5 /* ShrimpExample.app */ = {isa = PBXFileReference; explicitFileType = wrapper.application; includeInIndex = 0; path = ShrimpExample.app; sourceTree = BUILT_PRODUCTS_DIR; };
		CF4F1E101E52F09B00BF264F /* Base */ = {isa = PBXFileReference; lastKnownFileType = file.storyboard; name = Base; path = LaunchScreen.storyboard; sourceTree = "<group>"; };
		CF4F1E121E52F09B00BF264F /* Base */ = {isa = PBXFileReference; lastKnownFileType = file.storyboard; name = Base; path = Main.storyboard; sourceTree = "<group>"; };
		CF4F1E131E52F09B00BF264F /* AppDelegate.swift */ = {isa = PBXFileReference; fileEncoding = 4; lastKnownFileType = sourcecode.swift; name = AppDelegate.swift; path = ShrimpExample/AppDelegate.swift; sourceTree = "<group>"; };
		CF4F1E141E52F09B00BF264F /* Info.plist */ = {isa = PBXFileReference; fileEncoding = 4; lastKnownFileType = text.plist.xml; name = Info.plist; path = ShrimpExample/Info.plist; sourceTree = "<group>"; };
		CF4F1E151E52F09B00BF264F /* ViewController.swift */ = {isa = PBXFileReference; fileEncoding = 4; lastKnownFileType = sourcecode.swift; name = ViewController.swift; path = ShrimpExample/ViewController.swift; sourceTree = "<group>"; };
		CF4F1E161E52F09B00BF264F /* Assets.xcassets */ = {isa = PBXFileReference; lastKnownFileType = folder.assetcatalog; name = Assets.xcassets; path = ShrimpExample/Assets.xcassets; sourceTree = "<group>"; };
/* End PBXFileReference section */

/* Begin PBXFrameworksBuildPhase section */
		CF15EA521E519FDF001F9DD5 /* Frameworks */ = {
			isa = PBXFrameworksBuildPhase;
			buildActionMask = 2147483647;
			files = (
				D15501ADEC0C310EF5CFE5BF /* Pods_ShrimpExample.framework in Frameworks */,
			);
			runOnlyForDeploymentPostprocessing = 0;
		};
/* End PBXFrameworksBuildPhase section */

/* Begin PBXGroup section */
		683A1451A24B460FA811BC5F /* Frameworks */ = {
			isa = PBXGroup;
			children = (
				BE827AF050646F5CF70AC98C /* Pods_ShrimpExample.framework */,
			);
			name = Frameworks;
			sourceTree = "<group>";
		};
		973DAD97752CAA8D34DF008D /* Pods */ = {
			isa = PBXGroup;
			children = (
				640344E1D9E7E66577AB7B55 /* Pods-ShrimpExample.debug.xcconfig */,
				AB481C0DCAA7AA00C9FFA23C /* Pods-ShrimpExample.release.xcconfig */,
			);
			name = Pods;
			sourceTree = "<group>";
		};
		CF15EA4C1E519FDF001F9DD5 = {
			isa = PBXGroup;
			children = (
				CF4F1E0D1E52F08000BF264F /* ShrimpExample */,
				CF15EA561E519FDF001F9DD5 /* Products */,
				973DAD97752CAA8D34DF008D /* Pods */,
				683A1451A24B460FA811BC5F /* Frameworks */,
			);
			sourceTree = "<group>";
		};
		CF15EA561E519FDF001F9DD5 /* Products */ = {
			isa = PBXGroup;
			children = (
				CF15EA551E519FDF001F9DD5 /* ShrimpExample.app */,
			);
			name = Products;
			sourceTree = "<group>";
		};
		CF4F1E0D1E52F08000BF264F /* ShrimpExample */ = {
			isa = PBXGroup;
			children = (
				CF4F1E0F1E52F09B00BF264F /* LaunchScreen.storyboard */,
				CF4F1E111E52F09B00BF264F /* Main.storyboard */,
				CF4F1E131E52F09B00BF264F /* AppDelegate.swift */,
				CF4F1E141E52F09B00BF264F /* Info.plist */,
				CF4F1E151E52F09B00BF264F /* ViewController.swift */,
				CF4F1E161E52F09B00BF264F /* Assets.xcassets */,
			);
			name = ShrimpExample;
			sourceTree = "<group>";
		};
/* End PBXGroup section */

/* Begin PBXNativeTarget section */
		CF15EA541E519FDF001F9DD5 /* ShrimpExample */ = {
			isa = PBXNativeTarget;
			buildConfigurationList = CF15EA671E519FDF001F9DD5 /* Build configuration list for PBXNativeTarget "ShrimpExample" */;
			buildPhases = (
				4D94C8B37098994293EB5EC8 /* [CP] Check Pods Manifest.lock */,
				CF15EA511E519FDF001F9DD5 /* Sources */,
				CF15EA521E519FDF001F9DD5 /* Frameworks */,
				CF15EA531E519FDF001F9DD5 /* Resources */,
				27D671352F94F43E90A4B091 /* [CP] Embed Pods Frameworks */,
			);
			buildRules = (
			);
			dependencies = (
			);
			name = ShrimpExample;
			productName = Example;
			productReference = CF15EA551E519FDF001F9DD5 /* ShrimpExample.app */;
			productType = "com.apple.product-type.application";
		};
/* End PBXNativeTarget section */

/* Begin PBXProject section */
		CF15EA4D1E519FDF001F9DD5 /* Project object */ = {
			isa = PBXProject;
			attributes = {
				LastSwiftUpdateCheck = 0820;
				LastUpgradeCheck = 1000;
				ORGANIZATIONNAME = "kai zhou";
				TargetAttributes = {
					CF15EA541E519FDF001F9DD5 = {
						CreatedOnToolsVersion = 8.2.1;
						DevelopmentTeam = 3NV79J62JR;
						ProvisioningStyle = Automatic;
					};
				};
			};
			buildConfigurationList = CF15EA501E519FDF001F9DD5 /* Build configuration list for PBXProject "ShrimpExample" */;
			compatibilityVersion = "Xcode 3.2";
			developmentRegion = English;
			hasScannedForEncodings = 0;
			knownRegions = (
				en,
				Base,
			);
			mainGroup = CF15EA4C1E519FDF001F9DD5;
			productRefGroup = CF15EA561E519FDF001F9DD5 /* Products */;
			projectDirPath = "";
			projectRoot = "";
			targets = (
				CF15EA541E519FDF001F9DD5 /* ShrimpExample */,
			);
		};
/* End PBXProject section */

/* Begin PBXResourcesBuildPhase section */
		CF15EA531E519FDF001F9DD5 /* Resources */ = {
			isa = PBXResourcesBuildPhase;
			buildActionMask = 2147483647;
			files = (
				CF4F1E181E52F09B00BF264F /* Main.storyboard in Resources */,
				CF4F1E171E52F09B00BF264F /* LaunchScreen.storyboard in Resources */,
				CF4F1E1C1E52F09B00BF264F /* Assets.xcassets in Resources */,
			);
			runOnlyForDeploymentPostprocessing = 0;
		};
/* End PBXResourcesBuildPhase section */

/* Begin PBXShellScriptBuildPhase section */
		27D671352F94F43E90A4B091 /* [CP] Embed Pods Frameworks */ = {
			isa = PBXShellScriptBuildPhase;
			buildActionMask = 2147483647;
			files = (
			);
			inputPaths = (
				"${SRCROOT}/Pods/Target Support Files/Pods-ShrimpExample/Pods-ShrimpExample-frameworks.sh",
				"${BUILT_PRODUCTS_DIR}/ReachabilitySwift/Reachability.framework",
				"${BUILT_PRODUCTS_DIR}/Shrimp/Shrimp.framework",
			);
			name = "[CP] Embed Pods Frameworks";
			outputPaths = (
				"${TARGET_BUILD_DIR}/${FRAMEWORKS_FOLDER_PATH}/Reachability.framework",
				"${TARGET_BUILD_DIR}/${FRAMEWORKS_FOLDER_PATH}/Shrimp.framework",
			);
			runOnlyForDeploymentPostprocessing = 0;
			shellPath = /bin/sh;
			shellScript = "\"${SRCROOT}/Pods/Target Support Files/Pods-ShrimpExample/Pods-ShrimpExample-frameworks.sh\"\n";
			showEnvVarsInLog = 0;
		};
		4D94C8B37098994293EB5EC8 /* [CP] Check Pods Manifest.lock */ = {
			isa = PBXShellScriptBuildPhase;
			buildActionMask = 2147483647;
			files = (
			);
			inputPaths = (
				"${PODS_PODFILE_DIR_PATH}/Podfile.lock",
				"${PODS_ROOT}/Manifest.lock",
			);
			name = "[CP] Check Pods Manifest.lock";
			outputPaths = (
				"$(DERIVED_FILE_DIR)/Pods-ShrimpExample-checkManifestLockResult.txt",
			);
			runOnlyForDeploymentPostprocessing = 0;
			shellPath = /bin/sh;
			shellScript = "diff \"${PODS_PODFILE_DIR_PATH}/Podfile.lock\" \"${PODS_ROOT}/Manifest.lock\" > /dev/null\nif [ $? != 0 ] ; then\n    # print error to STDERR\n    echo \"error: The sandbox is not in sync with the Podfile.lock. Run 'pod install' or update your CocoaPods installation.\" >&2\n    exit 1\nfi\n# This output is used by Xcode 'outputs' to avoid re-running this script phase.\necho \"SUCCESS\" > \"${SCRIPT_OUTPUT_FILE_0}\"\n";
			showEnvVarsInLog = 0;
		};
/* End PBXShellScriptBuildPhase section */

/* Begin PBXSourcesBuildPhase section */
		CF15EA511E519FDF001F9DD5 /* Sources */ = {
			isa = PBXSourcesBuildPhase;
			buildActionMask = 2147483647;
			files = (
				CF4F1E191E52F09B00BF264F /* AppDelegate.swift in Sources */,
				CF4F1E1B1E52F09B00BF264F /* ViewController.swift in Sources */,
			);
			runOnlyForDeploymentPostprocessing = 0;
		};
/* End PBXSourcesBuildPhase section */

/* Begin PBXVariantGroup section */
		CF4F1E0F1E52F09B00BF264F /* LaunchScreen.storyboard */ = {
			isa = PBXVariantGroup;
			children = (
				CF4F1E101E52F09B00BF264F /* Base */,
			);
			name = LaunchScreen.storyboard;
			path = ShrimpExample/Base.lproj;
			sourceTree = "<group>";
		};
		CF4F1E111E52F09B00BF264F /* Main.storyboard */ = {
			isa = PBXVariantGroup;
			children = (
				CF4F1E121E52F09B00BF264F /* Base */,
			);
			name = Main.storyboard;
			path = ShrimpExample/Base.lproj;
			sourceTree = "<group>";
		};
/* End PBXVariantGroup section */

/* Begin XCBuildConfiguration section */
		CF15EA651E519FDF001F9DD5 /* Debug */ = {
			isa = XCBuildConfiguration;
			buildSettings = {
				ALWAYS_SEARCH_USER_PATHS = NO;
				CLANG_ANALYZER_NONNULL = YES;
				CLANG_CXX_LANGUAGE_STANDARD = "gnu++0x";
				CLANG_CXX_LIBRARY = "libc++";
				CLANG_ENABLE_MODULES = YES;
				CLANG_ENABLE_OBJC_ARC = YES;
				CLANG_WARN_BLOCK_CAPTURE_AUTORELEASING = YES;
				CLANG_WARN_BOOL_CONVERSION = YES;
				CLANG_WARN_COMMA = YES;
				CLANG_WARN_CONSTANT_CONVERSION = YES;
				CLANG_WARN_DEPRECATED_OBJC_IMPLEMENTATIONS = YES;
				CLANG_WARN_DIRECT_OBJC_ISA_USAGE = YES_ERROR;
				CLANG_WARN_DOCUMENTATION_COMMENTS = YES;
				CLANG_WARN_EMPTY_BODY = YES;
				CLANG_WARN_ENUM_CONVERSION = YES;
				CLANG_WARN_INFINITE_RECURSION = YES;
				CLANG_WARN_INT_CONVERSION = YES;
				CLANG_WARN_NON_LITERAL_NULL_CONVERSION = YES;
				CLANG_WARN_OBJC_IMPLICIT_RETAIN_SELF = YES;
				CLANG_WARN_OBJC_LITERAL_CONVERSION = YES;
				CLANG_WARN_OBJC_ROOT_CLASS = YES_ERROR;
				CLANG_WARN_RANGE_LOOP_ANALYSIS = YES;
				CLANG_WARN_STRICT_PROTOTYPES = YES;
				CLANG_WARN_SUSPICIOUS_MOVE = YES;
				CLANG_WARN_UNREACHABLE_CODE = YES;
				CLANG_WARN__DUPLICATE_METHOD_MATCH = YES;
				"CODE_SIGN_IDENTITY[sdk=iphoneos*]" = "iPhone Developer";
				COPY_PHASE_STRIP = NO;
				DEBUG_INFORMATION_FORMAT = dwarf;
				ENABLE_STRICT_OBJC_MSGSEND = YES;
				ENABLE_TESTABILITY = YES;
				GCC_C_LANGUAGE_STANDARD = gnu99;
				GCC_DYNAMIC_NO_PIC = NO;
				GCC_NO_COMMON_BLOCKS = YES;
				GCC_OPTIMIZATION_LEVEL = 0;
				GCC_PREPROCESSOR_DEFINITIONS = (
					"DEBUG=1",
					"$(inherited)",
				);
				GCC_WARN_64_TO_32_BIT_CONVERSION = YES;
				GCC_WARN_ABOUT_RETURN_TYPE = YES_ERROR;
				GCC_WARN_UNDECLARED_SELECTOR = YES;
				GCC_WARN_UNINITIALIZED_AUTOS = YES_AGGRESSIVE;
				GCC_WARN_UNUSED_FUNCTION = YES;
				GCC_WARN_UNUSED_VARIABLE = YES;
				IPHONEOS_DEPLOYMENT_TARGET = 10.2;
				MTL_ENABLE_DEBUG_INFO = YES;
				ONLY_ACTIVE_ARCH = YES;
				SDKROOT = iphoneos;
				SWIFT_ACTIVE_COMPILATION_CONDITIONS = DEBUG;
				SWIFT_OPTIMIZATION_LEVEL = "-Onone";
				TARGETED_DEVICE_FAMILY = "1,2";
			};
			name = Debug;
		};
		CF15EA661E519FDF001F9DD5 /* Release */ = {
			isa = XCBuildConfiguration;
			buildSettings = {
				ALWAYS_SEARCH_USER_PATHS = NO;
				CLANG_ANALYZER_NONNULL = YES;
				CLANG_CXX_LANGUAGE_STANDARD = "gnu++0x";
				CLANG_CXX_LIBRARY = "libc++";
				CLANG_ENABLE_MODULES = YES;
				CLANG_ENABLE_OBJC_ARC = YES;
				CLANG_WARN_BLOCK_CAPTURE_AUTORELEASING = YES;
				CLANG_WARN_BOOL_CONVERSION = YES;
				CLANG_WARN_COMMA = YES;
				CLANG_WARN_CONSTANT_CONVERSION = YES;
				CLANG_WARN_DEPRECATED_OBJC_IMPLEMENTATIONS = YES;
				CLANG_WARN_DIRECT_OBJC_ISA_USAGE = YES_ERROR;
				CLANG_WARN_DOCUMENTATION_COMMENTS = YES;
				CLANG_WARN_EMPTY_BODY = YES;
				CLANG_WARN_ENUM_CONVERSION = YES;
				CLANG_WARN_INFINITE_RECURSION = YES;
				CLANG_WARN_INT_CONVERSION = YES;
				CLANG_WARN_NON_LITERAL_NULL_CONVERSION = YES;
				CLANG_WARN_OBJC_IMPLICIT_RETAIN_SELF = YES;
				CLANG_WARN_OBJC_LITERAL_CONVERSION = YES;
				CLANG_WARN_OBJC_ROOT_CLASS = YES_ERROR;
				CLANG_WARN_RANGE_LOOP_ANALYSIS = YES;
				CLANG_WARN_STRICT_PROTOTYPES = YES;
				CLANG_WARN_SUSPICIOUS_MOVE = YES;
				CLANG_WARN_UNREACHABLE_CODE = YES;
				CLANG_WARN__DUPLICATE_METHOD_MATCH = YES;
				"CODE_SIGN_IDENTITY[sdk=iphoneos*]" = "iPhone Developer";
				COPY_PHASE_STRIP = NO;
				DEBUG_INFORMATION_FORMAT = "dwarf-with-dsym";
				ENABLE_NS_ASSERTIONS = NO;
				ENABLE_STRICT_OBJC_MSGSEND = YES;
				GCC_C_LANGUAGE_STANDARD = gnu99;
				GCC_NO_COMMON_BLOCKS = YES;
				GCC_WARN_64_TO_32_BIT_CONVERSION = YES;
				GCC_WARN_ABOUT_RETURN_TYPE = YES_ERROR;
				GCC_WARN_UNDECLARED_SELECTOR = YES;
				GCC_WARN_UNINITIALIZED_AUTOS = YES_AGGRESSIVE;
				GCC_WARN_UNUSED_FUNCTION = YES;
				GCC_WARN_UNUSED_VARIABLE = YES;
				IPHONEOS_DEPLOYMENT_TARGET = 10.2;
				MTL_ENABLE_DEBUG_INFO = NO;
				SDKROOT = iphoneos;
				SWIFT_OPTIMIZATION_LEVEL = "-Owholemodule";
				TARGETED_DEVICE_FAMILY = "1,2";
				VALIDATE_PRODUCT = YES;
			};
			name = Release;
		};
		CF15EA681E519FDF001F9DD5 /* Debug */ = {
			isa = XCBuildConfiguration;
			baseConfigurationReference = 640344E1D9E7E66577AB7B55 /* Pods-ShrimpExample.debug.xcconfig */;
			buildSettings = {
				ASSETCATALOG_COMPILER_APPICON_NAME = AppIcon;
				"CODE_SIGN_IDENTITY[sdk=iphoneos*]" = "iPhone Developer";
				DEVELOPMENT_TEAM = 3NV79J62JR;
				INFOPLIST_FILE = ShrimpExample/Info.plist;
				LD_RUNPATH_SEARCH_PATHS = "$(inherited) @executable_path/Frameworks";
				PRODUCT_BUNDLE_IDENTIFIER = com.heregins.Example;
				PRODUCT_NAME = "$(TARGET_NAME)";
				SWIFT_VERSION = 4.2;
			};
			name = Debug;
		};
		CF15EA691E519FDF001F9DD5 /* Release */ = {
			isa = XCBuildConfiguration;
			baseConfigurationReference = AB481C0DCAA7AA00C9FFA23C /* Pods-ShrimpExample.release.xcconfig */;
			buildSettings = {
				ASSETCATALOG_COMPILER_APPICON_NAME = AppIcon;
				"CODE_SIGN_IDENTITY[sdk=iphoneos*]" = "iPhone Developer";
				DEVELOPMENT_TEAM = 3NV79J62JR;
				INFOPLIST_FILE = ShrimpExample/Info.plist;
				LD_RUNPATH_SEARCH_PATHS = "$(inherited) @executable_path/Frameworks";
				PRODUCT_BUNDLE_IDENTIFIER = com.heregins.Example;
				PRODUCT_NAME = "$(TARGET_NAME)";
				SWIFT_VERSION = 4.2;
			};
			name = Release;
		};
/* End XCBuildConfiguration section */

/* Begin XCConfigurationList section */
		CF15EA501E519FDF001F9DD5 /* Build configuration list for PBXProject "ShrimpExample" */ = {
			isa = XCConfigurationList;
			buildConfigurations = (
				CF15EA651E519FDF001F9DD5 /* Debug */,
				CF15EA661E519FDF001F9DD5 /* Release */,
			);
			defaultConfigurationIsVisible = 0;
			defaultConfigurationName = Release;
		};
		CF15EA671E519FDF001F9DD5 /* Build configuration list for PBXNativeTarget "ShrimpExample" */ = {
			isa = XCConfigurationList;
			buildConfigurations = (
				CF15EA681E519FDF001F9DD5 /* Debug */,
				CF15EA691E519FDF001F9DD5 /* Release */,
			);
			defaultConfigurationIsVisible = 0;
			defaultConfigurationName = Release;
		};
/* End XCConfigurationList section */
	};
	rootObject = CF15EA4D1E519FDF001F9DD5 /* Project object */;
}
